// !$*UTF8*$!
{
	archiveVersion = 1;
	classes = {
	};
	objectVersion = 50;
	objects = {

/* Begin PBXBuildFile section */
		5D7EB3BABE3D05B95FBB43B6 /* Pods_ExchangeCurrency.framework in Frameworks */ = {isa = PBXBuildFile; fileRef = 045BBFB2D9E98E25777A21C9 /* Pods_ExchangeCurrency.framework */; };
		7B4E6263C19F5EBF5F467FD6 /* Pods_ExchangeCurrencyTests.framework in Frameworks */ = {isa = PBXBuildFile; fileRef = 46674C61E6979F0914034E2F /* Pods_ExchangeCurrencyTests.framework */; };
		E78ACA028C4453F903AFD91C /* Pods_ExchangeCurrencyUITests.framework in Frameworks */ = {isa = PBXBuildFile; fileRef = C0EFE7A8E6DD02C5AAAE1F58 /* Pods_ExchangeCurrencyUITests.framework */; };
		FE1CDE9B22E080D700E30869 /* ChoosenValue.swift in Sources */ = {isa = PBXBuildFile; fileRef = FE1CDE9A22E080D700E30869 /* ChoosenValue.swift */; };
		FE1CDE9F22E087DD00E30869 /* MainTableViewCell.swift in Sources */ = {isa = PBXBuildFile; fileRef = FE1CDE9E22E087DD00E30869 /* MainTableViewCell.swift */; };
		FE8E6C8622E317C500C00B8A /* ChooseCurrencyTableViewController.swift in Sources */ = {isa = PBXBuildFile; fileRef = FE8E6C8522E317C500C00B8A /* ChooseCurrencyTableViewController.swift */; };
		FE8E6C8822E3194200C00B8A /* ChooseCurrencyTableViewCell.swift in Sources */ = {isa = PBXBuildFile; fileRef = FE8E6C8722E3194200C00B8A /* ChooseCurrencyTableViewCell.swift */; };
		FEA39A7E22ECACB900446451 /* Connectivity.swift in Sources */ = {isa = PBXBuildFile; fileRef = FEA39A7D22ECACB900446451 /* Connectivity.swift */; };
		FED1E81D22D3B24C00D5A8E8 /* AllCountriesTableViewController.swift in Sources */ = {isa = PBXBuildFile; fileRef = FED1E81C22D3B24C00D5A8E8 /* AllCountriesTableViewController.swift */; };
		FED1E81F22D3B71F00D5A8E8 /* AllCountriesTableViewCell.swift in Sources */ = {isa = PBXBuildFile; fileRef = FED1E81E22D3B71F00D5A8E8 /* AllCountriesTableViewCell.swift */; };
		FEDDCE3222D0EA4800807847 /* MainTableView.swift in Sources */ = {isa = PBXBuildFile; fileRef = FEDDCE3122D0EA4800807847 /* MainTableView.swift */; };
		FEDDCE3522D0EA4800807847 /* Main.storyboard in Resources */ = {isa = PBXBuildFile; fileRef = FEDDCE3322D0EA4800807847 /* Main.storyboard */; };
		FEDDCE3722D0EA4900807847 /* Assets.xcassets in Resources */ = {isa = PBXBuildFile; fileRef = FEDDCE3622D0EA4900807847 /* Assets.xcassets */; };
		FEDDCE3A22D0EA4900807847 /* LaunchScreen.storyboard in Resources */ = {isa = PBXBuildFile; fileRef = FEDDCE3822D0EA4900807847 /* LaunchScreen.storyboard */; };
		FEDDCE4522D0EA4900807847 /* ExchangeCurrencyTests.swift in Sources */ = {isa = PBXBuildFile; fileRef = FEDDCE4422D0EA4900807847 /* ExchangeCurrencyTests.swift */; };
		FEDDCE5022D0EA4900807847 /* ExchangeCurrencyUITests.swift in Sources */ = {isa = PBXBuildFile; fileRef = FEDDCE4F22D0EA4900807847 /* ExchangeCurrencyUITests.swift */; };
		FEDDCE5E22D0EFFD00807847 /* currnciesList.json in Resources */ = {isa = PBXBuildFile; fileRef = FEDDCE5D22D0EFFD00807847 /* currnciesList.json */; };
		FEDDCE6022D0F25300807847 /* Exchange.swift in Sources */ = {isa = PBXBuildFile; fileRef = FEDDCE5F22D0F25300807847 /* Exchange.swift */; };
		FEDDCE6222D0F3E300807847 /* AppDelegate.swift in Sources */ = {isa = PBXBuildFile; fileRef = FEDDCE6122D0F3E300807847 /* AppDelegate.swift */; };
/* End PBXBuildFile section */

/* Begin PBXContainerItemProxy section */
		FEDDCE4122D0EA4900807847 /* PBXContainerItemProxy */ = {
			isa = PBXContainerItemProxy;
			containerPortal = FEDDCE2422D0EA4800807847 /* Project object */;
			proxyType = 1;
			remoteGlobalIDString = FEDDCE2B22D0EA4800807847;
			remoteInfo = ExchangeCurrency;
		};
		FEDDCE4C22D0EA4900807847 /* PBXContainerItemProxy */ = {
			isa = PBXContainerItemProxy;
			containerPortal = FEDDCE2422D0EA4800807847 /* Project object */;
			proxyType = 1;
			remoteGlobalIDString = FEDDCE2B22D0EA4800807847;
			remoteInfo = ExchangeCurrency;
		};
/* End PBXContainerItemProxy section */

/* Begin PBXFileReference section */
		045BBFB2D9E98E25777A21C9 /* Pods_ExchangeCurrency.framework */ = {isa = PBXFileReference; explicitFileType = wrapper.framework; includeInIndex = 0; path = Pods_ExchangeCurrency.framework; sourceTree = BUILT_PRODUCTS_DIR; };
		25087B6B9628AF804EDBCFF2 /* Pods-ExchangeCurrency.debug.xcconfig */ = {isa = PBXFileReference; includeInIndex = 1; lastKnownFileType = text.xcconfig; name = "Pods-ExchangeCurrency.debug.xcconfig"; path = "Pods/Target Support Files/Pods-ExchangeCurrency/Pods-ExchangeCurrency.debug.xcconfig"; sourceTree = "<group>"; };
		31F3557AE1D80D5F445C08B3 /* Pods-ExchangeCurrencyTests.release.xcconfig */ = {isa = PBXFileReference; includeInIndex = 1; lastKnownFileType = text.xcconfig; name = "Pods-ExchangeCurrencyTests.release.xcconfig"; path = "Pods/Target Support Files/Pods-ExchangeCurrencyTests/Pods-ExchangeCurrencyTests.release.xcconfig"; sourceTree = "<group>"; };
		46674C61E6979F0914034E2F /* Pods_ExchangeCurrencyTests.framework */ = {isa = PBXFileReference; explicitFileType = wrapper.framework; includeInIndex = 0; path = Pods_ExchangeCurrencyTests.framework; sourceTree = BUILT_PRODUCTS_DIR; };
		52FA8141101A5359903D0454 /* Pods-ExchangeCurrency.release.xcconfig */ = {isa = PBXFileReference; includeInIndex = 1; lastKnownFileType = text.xcconfig; name = "Pods-ExchangeCurrency.release.xcconfig"; path = "Pods/Target Support Files/Pods-ExchangeCurrency/Pods-ExchangeCurrency.release.xcconfig"; sourceTree = "<group>"; };
		71F87E26EB07783DB41E7128 /* Pods-ExchangeCurrencyUITests.release.xcconfig */ = {isa = PBXFileReference; includeInIndex = 1; lastKnownFileType = text.xcconfig; name = "Pods-ExchangeCurrencyUITests.release.xcconfig"; path = "Pods/Target Support Files/Pods-ExchangeCurrencyUITests/Pods-ExchangeCurrencyUITests.release.xcconfig"; sourceTree = "<group>"; };
		79609C20813D324EFCF2B6DE /* Pods-ExchangeCurrencyUITests.debug.xcconfig */ = {isa = PBXFileReference; includeInIndex = 1; lastKnownFileType = text.xcconfig; name = "Pods-ExchangeCurrencyUITests.debug.xcconfig"; path = "Pods/Target Support Files/Pods-ExchangeCurrencyUITests/Pods-ExchangeCurrencyUITests.debug.xcconfig"; sourceTree = "<group>"; };
		C0EFE7A8E6DD02C5AAAE1F58 /* Pods_ExchangeCurrencyUITests.framework */ = {isa = PBXFileReference; explicitFileType = wrapper.framework; includeInIndex = 0; path = Pods_ExchangeCurrencyUITests.framework; sourceTree = BUILT_PRODUCTS_DIR; };
		D919585D5C780D4B501B9DA5 /* Pods-ExchangeCurrencyTests.debug.xcconfig */ = {isa = PBXFileReference; includeInIndex = 1; lastKnownFileType = text.xcconfig; name = "Pods-ExchangeCurrencyTests.debug.xcconfig"; path = "Pods/Target Support Files/Pods-ExchangeCurrencyTests/Pods-ExchangeCurrencyTests.debug.xcconfig"; sourceTree = "<group>"; };
		FE1CDE9A22E080D700E30869 /* ChoosenValue.swift */ = {isa = PBXFileReference; lastKnownFileType = sourcecode.swift; path = ChoosenValue.swift; sourceTree = "<group>"; };
		FE1CDE9E22E087DD00E30869 /* MainTableViewCell.swift */ = {isa = PBXFileReference; lastKnownFileType = sourcecode.swift; path = MainTableViewCell.swift; sourceTree = "<group>"; };
		FE8E6C8522E317C500C00B8A /* ChooseCurrencyTableViewController.swift */ = {isa = PBXFileReference; lastKnownFileType = sourcecode.swift; path = ChooseCurrencyTableViewController.swift; sourceTree = "<group>"; };
		FE8E6C8722E3194200C00B8A /* ChooseCurrencyTableViewCell.swift */ = {isa = PBXFileReference; lastKnownFileType = sourcecode.swift; path = ChooseCurrencyTableViewCell.swift; sourceTree = "<group>"; };
		FEA39A7D22ECACB900446451 /* Connectivity.swift */ = {isa = PBXFileReference; lastKnownFileType = sourcecode.swift; path = Connectivity.swift; sourceTree = "<group>"; };
		FED1E81C22D3B24C00D5A8E8 /* AllCountriesTableViewController.swift */ = {isa = PBXFileReference; lastKnownFileType = sourcecode.swift; path = AllCountriesTableViewController.swift; sourceTree = "<group>"; };
		FED1E81E22D3B71F00D5A8E8 /* AllCountriesTableViewCell.swift */ = {isa = PBXFileReference; lastKnownFileType = sourcecode.swift; path = AllCountriesTableViewCell.swift; sourceTree = "<group>"; };
		FEDDCE2C22D0EA4800807847 /* ExchangeCurrency.app */ = {isa = PBXFileReference; explicitFileType = wrapper.application; includeInIndex = 0; path = ExchangeCurrency.app; sourceTree = BUILT_PRODUCTS_DIR; };
		FEDDCE3122D0EA4800807847 /* MainTableView.swift */ = {isa = PBXFileReference; lastKnownFileType = sourcecode.swift; path = MainTableView.swift; sourceTree = "<group>"; };
		FEDDCE3422D0EA4800807847 /* Base */ = {isa = PBXFileReference; lastKnownFileType = file.storyboard; name = Base; path = Base.lproj/Main.storyboard; sourceTree = "<group>"; };
		FEDDCE3622D0EA4900807847 /* Assets.xcassets */ = {isa = PBXFileReference; lastKnownFileType = folder.assetcatalog; path = Assets.xcassets; sourceTree = "<group>"; };
		FEDDCE3922D0EA4900807847 /* Base */ = {isa = PBXFileReference; lastKnownFileType = file.storyboard; name = Base; path = Base.lproj/LaunchScreen.storyboard; sourceTree = "<group>"; };
		FEDDCE3B22D0EA4900807847 /* Info.plist */ = {isa = PBXFileReference; lastKnownFileType = text.plist.xml; path = Info.plist; sourceTree = "<group>"; };
		FEDDCE4022D0EA4900807847 /* ExchangeCurrencyTests.xctest */ = {isa = PBXFileReference; explicitFileType = wrapper.cfbundle; includeInIndex = 0; path = ExchangeCurrencyTests.xctest; sourceTree = BUILT_PRODUCTS_DIR; };
		FEDDCE4422D0EA4900807847 /* ExchangeCurrencyTests.swift */ = {isa = PBXFileReference; lastKnownFileType = sourcecode.swift; path = ExchangeCurrencyTests.swift; sourceTree = "<group>"; };
		FEDDCE4622D0EA4900807847 /* Info.plist */ = {isa = PBXFileReference; lastKnownFileType = text.plist.xml; path = Info.plist; sourceTree = "<group>"; };
		FEDDCE4B22D0EA4900807847 /* ExchangeCurrencyUITests.xctest */ = {isa = PBXFileReference; explicitFileType = wrapper.cfbundle; includeInIndex = 0; path = ExchangeCurrencyUITests.xctest; sourceTree = BUILT_PRODUCTS_DIR; };
		FEDDCE4F22D0EA4900807847 /* ExchangeCurrencyUITests.swift */ = {isa = PBXFileReference; lastKnownFileType = sourcecode.swift; path = ExchangeCurrencyUITests.swift; sourceTree = "<group>"; };
		FEDDCE5122D0EA4900807847 /* Info.plist */ = {isa = PBXFileReference; lastKnownFileType = text.plist.xml; path = Info.plist; sourceTree = "<group>"; };
		FEDDCE5D22D0EFFD00807847 /* currnciesList.json */ = {isa = PBXFileReference; fileEncoding = 4; lastKnownFileType = text.json; path = currnciesList.json; sourceTree = "<group>"; };
		FEDDCE5F22D0F25300807847 /* Exchange.swift */ = {isa = PBXFileReference; lastKnownFileType = sourcecode.swift; path = Exchange.swift; sourceTree = "<group>"; };
		FEDDCE6122D0F3E300807847 /* AppDelegate.swift */ = {isa = PBXFileReference; fileEncoding = 4; lastKnownFileType = sourcecode.swift; path = AppDelegate.swift; sourceTree = "<group>"; };
/* End PBXFileReference section */

/* Begin PBXFrameworksBuildPhase section */
		FEDDCE2922D0EA4800807847 /* Frameworks */ = {
			isa = PBXFrameworksBuildPhase;
			buildActionMask = 2147483647;
			files = (
				5D7EB3BABE3D05B95FBB43B6 /* Pods_ExchangeCurrency.framework in Frameworks */,
			);
			runOnlyForDeploymentPostprocessing = 0;
		};
		FEDDCE3D22D0EA4900807847 /* Frameworks */ = {
			isa = PBXFrameworksBuildPhase;
			buildActionMask = 2147483647;
			files = (
				7B4E6263C19F5EBF5F467FD6 /* Pods_ExchangeCurrencyTests.framework in Frameworks */,
			);
			runOnlyForDeploymentPostprocessing = 0;
		};
		FEDDCE4822D0EA4900807847 /* Frameworks */ = {
			isa = PBXFrameworksBuildPhase;
			buildActionMask = 2147483647;
			files = (
				E78ACA028C4453F903AFD91C /* Pods_ExchangeCurrencyUITests.framework in Frameworks */,
			);
			runOnlyForDeploymentPostprocessing = 0;
		};
/* End PBXFrameworksBuildPhase section */

/* Begin PBXGroup section */
		53F85B72DFF43B06E027D882 /* Frameworks */ = {
			isa = PBXGroup;
			children = (
				045BBFB2D9E98E25777A21C9 /* Pods_ExchangeCurrency.framework */,
				46674C61E6979F0914034E2F /* Pods_ExchangeCurrencyTests.framework */,
				C0EFE7A8E6DD02C5AAAE1F58 /* Pods_ExchangeCurrencyUITests.framework */,
			);
			name = Frameworks;
			sourceTree = "<group>";
		};
		97587EACAE94447808633B75 /* Pods */ = {
			isa = PBXGroup;
			children = (
				25087B6B9628AF804EDBCFF2 /* Pods-ExchangeCurrency.debug.xcconfig */,
				52FA8141101A5359903D0454 /* Pods-ExchangeCurrency.release.xcconfig */,
				D919585D5C780D4B501B9DA5 /* Pods-ExchangeCurrencyTests.debug.xcconfig */,
				31F3557AE1D80D5F445C08B3 /* Pods-ExchangeCurrencyTests.release.xcconfig */,
				79609C20813D324EFCF2B6DE /* Pods-ExchangeCurrencyUITests.debug.xcconfig */,
				71F87E26EB07783DB41E7128 /* Pods-ExchangeCurrencyUITests.release.xcconfig */,
			);
			name = Pods;
			sourceTree = "<group>";
		};
		FEDDCE2322D0EA4800807847 = {
			isa = PBXGroup;
			children = (
				FEDDCE2E22D0EA4800807847 /* ExchangeCurrency */,
				FEDDCE4322D0EA4900807847 /* ExchangeCurrencyTests */,
				FEDDCE4E22D0EA4900807847 /* ExchangeCurrencyUITests */,
				FEDDCE2D22D0EA4800807847 /* Products */,
				97587EACAE94447808633B75 /* Pods */,
				53F85B72DFF43B06E027D882 /* Frameworks */,
			);
			sourceTree = "<group>";
		};
		FEDDCE2D22D0EA4800807847 /* Products */ = {
			isa = PBXGroup;
			children = (
				FEDDCE2C22D0EA4800807847 /* ExchangeCurrency.app */,
				FEDDCE4022D0EA4900807847 /* ExchangeCurrencyTests.xctest */,
				FEDDCE4B22D0EA4900807847 /* ExchangeCurrencyUITests.xctest */,
			);
			name = Products;
			sourceTree = "<group>";
		};
		FEDDCE2E22D0EA4800807847 /* ExchangeCurrency */ = {
			isa = PBXGroup;
			children = (
				FEDDCE3322D0EA4800807847 /* Main.storyboard */,
				FEDDCE3122D0EA4800807847 /* MainTableView.swift */,
				FEDDCE5F22D0F25300807847 /* Exchange.swift */,
				FED1E81C22D3B24C00D5A8E8 /* AllCountriesTableViewController.swift */,
				FED1E81E22D3B71F00D5A8E8 /* AllCountriesTableViewCell.swift */,
				FE1CDE9A22E080D700E30869 /* ChoosenValue.swift */,
				FE1CDE9E22E087DD00E30869 /* MainTableViewCell.swift */,
				FE8E6C8522E317C500C00B8A /* ChooseCurrencyTableViewController.swift */,
				FE8E6C8722E3194200C00B8A /* ChooseCurrencyTableViewCell.swift */,
				FEDDCE3822D0EA4900807847 /* LaunchScreen.storyboard */,
				FEDDCE5D22D0EFFD00807847 /* currnciesList.json */,
				FEDDCE6122D0F3E300807847 /* AppDelegate.swift */,
				FEDDCE3622D0EA4900807847 /* Assets.xcassets */,
				FEDDCE3B22D0EA4900807847 /* Info.plist */,
				FEA39A7D22ECACB900446451 /* Connectivity.swift */,
			);
			path = ExchangeCurrency;
			sourceTree = "<group>";
		};
		FEDDCE4322D0EA4900807847 /* ExchangeCurrencyTests */ = {
			isa = PBXGroup;
			children = (
				FEDDCE4422D0EA4900807847 /* ExchangeCurrencyTests.swift */,
				FEDDCE4622D0EA4900807847 /* Info.plist */,
			);
			path = ExchangeCurrencyTests;
			sourceTree = "<group>";
		};
		FEDDCE4E22D0EA4900807847 /* ExchangeCurrencyUITests */ = {
			isa = PBXGroup;
			children = (
				FEDDCE4F22D0EA4900807847 /* ExchangeCurrencyUITests.swift */,
				FEDDCE5122D0EA4900807847 /* Info.plist */,
			);
			path = ExchangeCurrencyUITests;
			sourceTree = "<group>";
		};
/* End PBXGroup section */

/* Begin PBXNativeTarget section */
		FEDDCE2B22D0EA4800807847 /* ExchangeCurrency */ = {
			isa = PBXNativeTarget;
			buildConfigurationList = FEDDCE5422D0EA4900807847 /* Build configuration list for PBXNativeTarget "ExchangeCurrency" */;
			buildPhases = (
				350FBF00EA44D8B267602DB2 /* [CP] Check Pods Manifest.lock */,
				FEDDCE2822D0EA4800807847 /* Sources */,
				FEDDCE2922D0EA4800807847 /* Frameworks */,
				FEDDCE2A22D0EA4800807847 /* Resources */,
				92FEBFBB4802F00848BC0C0B /* [CP] Embed Pods Frameworks */,
			);
			buildRules = (
			);
			dependencies = (
			);
			name = ExchangeCurrency;
			productName = ExchangeCurrency;
			productReference = FEDDCE2C22D0EA4800807847 /* ExchangeCurrency.app */;
			productType = "com.apple.product-type.application";
		};
		FEDDCE3F22D0EA4900807847 /* ExchangeCurrencyTests */ = {
			isa = PBXNativeTarget;
			buildConfigurationList = FEDDCE5722D0EA4900807847 /* Build configuration list for PBXNativeTarget "ExchangeCurrencyTests" */;
			buildPhases = (
				9C89894010D87161EB0E50B9 /* [CP] Check Pods Manifest.lock */,
				FEDDCE3C22D0EA4900807847 /* Sources */,
				FEDDCE3D22D0EA4900807847 /* Frameworks */,
				FEDDCE3E22D0EA4900807847 /* Resources */,
			);
			buildRules = (
			);
			dependencies = (
				FEDDCE4222D0EA4900807847 /* PBXTargetDependency */,
			);
			name = ExchangeCurrencyTests;
			productName = ExchangeCurrencyTests;
			productReference = FEDDCE4022D0EA4900807847 /* ExchangeCurrencyTests.xctest */;
			productType = "com.apple.product-type.bundle.unit-test";
		};
		FEDDCE4A22D0EA4900807847 /* ExchangeCurrencyUITests */ = {
			isa = PBXNativeTarget;
			buildConfigurationList = FEDDCE5A22D0EA4900807847 /* Build configuration list for PBXNativeTarget "ExchangeCurrencyUITests" */;
			buildPhases = (
				1066B01A1D560AB7AA8152E7 /* [CP] Check Pods Manifest.lock */,
				FEDDCE4722D0EA4900807847 /* Sources */,
				FEDDCE4822D0EA4900807847 /* Frameworks */,
				FEDDCE4922D0EA4900807847 /* Resources */,
			);
			buildRules = (
			);
			dependencies = (
				FEDDCE4D22D0EA4900807847 /* PBXTargetDependency */,
			);
			name = ExchangeCurrencyUITests;
			productName = ExchangeCurrencyUITests;
			productReference = FEDDCE4B22D0EA4900807847 /* ExchangeCurrencyUITests.xctest */;
			productType = "com.apple.product-type.bundle.ui-testing";
		};
/* End PBXNativeTarget section */

/* Begin PBXProject section */
		FEDDCE2422D0EA4800807847 /* Project object */ = {
			isa = PBXProject;
			attributes = {
				LastSwiftUpdateCheck = 1020;
				LastUpgradeCheck = 1020;
				ORGANIZATIONNAME = "Khalid hassan";
				TargetAttributes = {
					FEDDCE2B22D0EA4800807847 = {
						CreatedOnToolsVersion = 10.2.1;
					};
					FEDDCE3F22D0EA4900807847 = {
						CreatedOnToolsVersion = 10.2.1;
						TestTargetID = FEDDCE2B22D0EA4800807847;
					};
					FEDDCE4A22D0EA4900807847 = {
						CreatedOnToolsVersion = 10.2.1;
						TestTargetID = FEDDCE2B22D0EA4800807847;
					};
				};
			};
			buildConfigurationList = FEDDCE2722D0EA4800807847 /* Build configuration list for PBXProject "ExchangeCurrency" */;
			compatibilityVersion = "Xcode 9.3";
			developmentRegion = en;
			hasScannedForEncodings = 0;
			knownRegions = (
				en,
				Base,
			);
			mainGroup = FEDDCE2322D0EA4800807847;
			productRefGroup = FEDDCE2D22D0EA4800807847 /* Products */;
			projectDirPath = "";
			projectRoot = "";
			targets = (
				FEDDCE2B22D0EA4800807847 /* ExchangeCurrency */,
				FEDDCE3F22D0EA4900807847 /* ExchangeCurrencyTests */,
				FEDDCE4A22D0EA4900807847 /* ExchangeCurrencyUITests */,
			);
		};
/* End PBXProject section */

/* Begin PBXResourcesBuildPhase section */
		FEDDCE2A22D0EA4800807847 /* Resources */ = {
			isa = PBXResourcesBuildPhase;
			buildActionMask = 2147483647;
			files = (
				FEDDCE5E22D0EFFD00807847 /* currnciesList.json in Resources */,
				FEDDCE3A22D0EA4900807847 /* LaunchScreen.storyboard in Resources */,
				FEDDCE3722D0EA4900807847 /* Assets.xcassets in Resources */,
				FEDDCE3522D0EA4800807847 /* Main.storyboard in Resources */,
			);
			runOnlyForDeploymentPostprocessing = 0;
		};
		FEDDCE3E22D0EA4900807847 /* Resources */ = {
			isa = PBXResourcesBuildPhase;
			buildActionMask = 2147483647;
			files = (
			);
			runOnlyForDeploymentPostprocessing = 0;
		};
		FEDDCE4922D0EA4900807847 /* Resources */ = {
			isa = PBXResourcesBuildPhase;
			buildActionMask = 2147483647;
			files = (
			);
			runOnlyForDeploymentPostprocessing = 0;
		};
/* End PBXResourcesBuildPhase section */

/* Begin PBXShellScriptBuildPhase section */
		1066B01A1D560AB7AA8152E7 /* [CP] Check Pods Manifest.lock */ = {
			isa = PBXShellScriptBuildPhase;
			buildActionMask = 2147483647;
			files = (
			);
			inputPaths = (
				"${PODS_PODFILE_DIR_PATH}/Podfile.lock",
				"${PODS_ROOT}/Manifest.lock",
			);
			name = "[CP] Check Pods Manifest.lock";
			outputPaths = (
				"$(DERIVED_FILE_DIR)/Pods-ExchangeCurrencyUITests-checkManifestLockResult.txt",
			);
			runOnlyForDeploymentPostprocessing = 0;
			shellPath = /bin/sh;
			shellScript = "diff \"${PODS_PODFILE_DIR_PATH}/Podfile.lock\" \"${PODS_ROOT}/Manifest.lock\" > /dev/null\nif [ $? != 0 ] ; then\n    # print error to STDERR\n    echo \"error: The sandbox is not in sync with the Podfile.lock. Run 'pod install' or update your CocoaPods installation.\" >&2\n    exit 1\nfi\n# This output is used by Xcode 'outputs' to avoid re-running this script phase.\necho \"SUCCESS\" > \"${SCRIPT_OUTPUT_FILE_0}\"\n";
			showEnvVarsInLog = 0;
		};
		350FBF00EA44D8B267602DB2 /* [CP] Check Pods Manifest.lock */ = {
			isa = PBXShellScriptBuildPhase;
			buildActionMask = 2147483647;
			files = (
			);
			inputPaths = (
				"${PODS_PODFILE_DIR_PATH}/Podfile.lock",
				"${PODS_ROOT}/Manifest.lock",
			);
			name = "[CP] Check Pods Manifest.lock";
			outputPaths = (
				"$(DERIVED_FILE_DIR)/Pods-ExchangeCurrency-checkManifestLockResult.txt",
			);
			runOnlyForDeploymentPostprocessing = 0;
			shellPath = /bin/sh;
			shellScript = "diff \"${PODS_PODFILE_DIR_PATH}/Podfile.lock\" \"${PODS_ROOT}/Manifest.lock\" > /dev/null\nif [ $? != 0 ] ; then\n    # print error to STDERR\n    echo \"error: The sandbox is not in sync with the Podfile.lock. Run 'pod install' or update your CocoaPods installation.\" >&2\n    exit 1\nfi\n# This output is used by Xcode 'outputs' to avoid re-running this script phase.\necho \"SUCCESS\" > \"${SCRIPT_OUTPUT_FILE_0}\"\n";
			showEnvVarsInLog = 0;
		};
		92FEBFBB4802F00848BC0C0B /* [CP] Embed Pods Frameworks */ = {
			isa = PBXShellScriptBuildPhase;
			buildActionMask = 2147483647;
			files = (
			);
			inputPaths = (
				"${SRCROOT}/Pods/Target Support Files/Pods-ExchangeCurrency/Pods-ExchangeCurrency-frameworks.sh",
				"${BUILT_PRODUCTS_DIR}/Alamofire/Alamofire.framework",
				"${BUILT_PRODUCTS_DIR}/SVProgressHUD/SVProgressHUD.framework",
			);
			name = "[CP] Embed Pods Frameworks";
			outputPaths = (
				"${TARGET_BUILD_DIR}/${FRAMEWORKS_FOLDER_PATH}/Alamofire.framework",
				"${TARGET_BUILD_DIR}/${FRAMEWORKS_FOLDER_PATH}/SVProgressHUD.framework",
			);
			runOnlyForDeploymentPostprocessing = 0;
			shellPath = /bin/sh;
			shellScript = "\"${SRCROOT}/Pods/Target Support Files/Pods-ExchangeCurrency/Pods-ExchangeCurrency-frameworks.sh\"\n";
			showEnvVarsInLog = 0;
		};
		9C89894010D87161EB0E50B9 /* [CP] Check Pods Manifest.lock */ = {
			isa = PBXShellScriptBuildPhase;
			buildActionMask = 2147483647;
			files = (
			);
			inputPaths = (
				"${PODS_PODFILE_DIR_PATH}/Podfile.lock",
				"${PODS_ROOT}/Manifest.lock",
			);
			name = "[CP] Check Pods Manifest.lock";
			outputPaths = (
				"$(DERIVED_FILE_DIR)/Pods-ExchangeCurrencyTests-checkManifestLockResult.txt",
			);
			runOnlyForDeploymentPostprocessing = 0;
			shellPath = /bin/sh;
			shellScript = "diff \"${PODS_PODFILE_DIR_PATH}/Podfile.lock\" \"${PODS_ROOT}/Manifest.lock\" > /dev/null\nif [ $? != 0 ] ; then\n    # print error to STDERR\n    echo \"error: The sandbox is not in sync with the Podfile.lock. Run 'pod install' or update your CocoaPods installation.\" >&2\n    exit 1\nfi\n# This output is used by Xcode 'outputs' to avoid re-running this script phase.\necho \"SUCCESS\" > \"${SCRIPT_OUTPUT_FILE_0}\"\n";
			showEnvVarsInLog = 0;
		};
/* End PBXShellScriptBuildPhase section */

/* Begin PBXSourcesBuildPhase section */
		FEDDCE2822D0EA4800807847 /* Sources */ = {
			isa = PBXSourcesBuildPhase;
			buildActionMask = 2147483647;
			files = (
				FED1E81F22D3B71F00D5A8E8 /* AllCountriesTableViewCell.swift in Sources */,
				FED1E81D22D3B24C00D5A8E8 /* AllCountriesTableViewController.swift in Sources */,
				FEA39A7E22ECACB900446451 /* Connectivity.swift in Sources */,
				FE1CDE9B22E080D700E30869 /* ChoosenValue.swift in Sources */,
				FE1CDE9F22E087DD00E30869 /* MainTableViewCell.swift in Sources */,
				FEDDCE6222D0F3E300807847 /* AppDelegate.swift in Sources */,
				FE8E6C8822E3194200C00B8A /* ChooseCurrencyTableViewCell.swift in Sources */,
				FE8E6C8622E317C500C00B8A /* ChooseCurrencyTableViewController.swift in Sources */,
				FEDDCE3222D0EA4800807847 /* MainTableView.swift in Sources */,
				FEDDCE6022D0F25300807847 /* Exchange.swift in Sources */,
			);
			runOnlyForDeploymentPostprocessing = 0;
		};
		FEDDCE3C22D0EA4900807847 /* Sources */ = {
			isa = PBXSourcesBuildPhase;
			buildActionMask = 2147483647;
			files = (
				FEDDCE4522D0EA4900807847 /* ExchangeCurrencyTests.swift in Sources */,
			);
			runOnlyForDeploymentPostprocessing = 0;
		};
		FEDDCE4722D0EA4900807847 /* Sources */ = {
			isa = PBXSourcesBuildPhase;
			buildActionMask = 2147483647;
			files = (
				FEDDCE5022D0EA4900807847 /* ExchangeCurrencyUITests.swift in Sources */,
			);
			runOnlyForDeploymentPostprocessing = 0;
		};
/* End PBXSourcesBuildPhase section */

/* Begin PBXTargetDependency section */
		FEDDCE4222D0EA4900807847 /* PBXTargetDependency */ = {
			isa = PBXTargetDependency;
			target = FEDDCE2B22D0EA4800807847 /* ExchangeCurrency */;
			targetProxy = FEDDCE4122D0EA4900807847 /* PBXContainerItemProxy */;
		};
		FEDDCE4D22D0EA4900807847 /* PBXTargetDependency */ = {
			isa = PBXTargetDependency;
			target = FEDDCE2B22D0EA4800807847 /* ExchangeCurrency */;
			targetProxy = FEDDCE4C22D0EA4900807847 /* PBXContainerItemProxy */;
		};
/* End PBXTargetDependency section */

/* Begin PBXVariantGroup section */
		FEDDCE3322D0EA4800807847 /* Main.storyboard */ = {
			isa = PBXVariantGroup;
			children = (
				FEDDCE3422D0EA4800807847 /* Base */,
			);
			name = Main.storyboard;
			sourceTree = "<group>";
		};
		FEDDCE3822D0EA4900807847 /* LaunchScreen.storyboard */ = {
			isa = PBXVariantGroup;
			children = (
				FEDDCE3922D0EA4900807847 /* Base */,
			);
			name = LaunchScreen.storyboard;
			sourceTree = "<group>";
		};
/* End PBXVariantGroup section */

/* Begin XCBuildConfiguration section */
		FEDDCE5222D0EA4900807847 /* Debug */ = {
			isa = XCBuildConfiguration;
			buildSettings = {
				ALWAYS_SEARCH_USER_PATHS = NO;
				CLANG_ANALYZER_NONNULL = YES;
				CLANG_ANALYZER_NUMBER_OBJECT_CONVERSION = YES_AGGRESSIVE;
				CLANG_CXX_LANGUAGE_STANDARD = "gnu++14";
				CLANG_CXX_LIBRARY = "libc++";
				CLANG_ENABLE_MODULES = YES;
				CLANG_ENABLE_OBJC_ARC = YES;
				CLANG_ENABLE_OBJC_WEAK = YES;
				CLANG_WARN_BLOCK_CAPTURE_AUTORELEASING = YES;
				CLANG_WARN_BOOL_CONVERSION = YES;
				CLANG_WARN_COMMA = YES;
				CLANG_WARN_CONSTANT_CONVERSION = YES;
				CLANG_WARN_DEPRECATED_OBJC_IMPLEMENTATIONS = YES;
				CLANG_WARN_DIRECT_OBJC_ISA_USAGE = YES_ERROR;
				CLANG_WARN_DOCUMENTATION_COMMENTS = YES;
				CLANG_WARN_EMPTY_BODY = YES;
				CLANG_WARN_ENUM_CONVERSION = YES;
				CLANG_WARN_INFINITE_RECURSION = YES;
				CLANG_WARN_INT_CONVERSION = YES;
				CLANG_WARN_NON_LITERAL_NULL_CONVERSION = YES;
				CLANG_WARN_OBJC_IMPLICIT_RETAIN_SELF = YES;
				CLANG_WARN_OBJC_LITERAL_CONVERSION = YES;
				CLANG_WARN_OBJC_ROOT_CLASS = YES_ERROR;
				CLANG_WARN_RANGE_LOOP_ANALYSIS = YES;
				CLANG_WARN_STRICT_PROTOTYPES = YES;
				CLANG_WARN_SUSPICIOUS_MOVE = YES;
				CLANG_WARN_UNGUARDED_AVAILABILITY = YES_AGGRESSIVE;
				CLANG_WARN_UNREACHABLE_CODE = YES;
				CLANG_WARN__DUPLICATE_METHOD_MATCH = YES;
				CODE_SIGN_IDENTITY = "iPhone Developer";
				COPY_PHASE_STRIP = NO;
				DEBUG_INFORMATION_FORMAT = dwarf;
				ENABLE_STRICT_OBJC_MSGSEND = YES;
				ENABLE_TESTABILITY = YES;
				GCC_C_LANGUAGE_STANDARD = gnu11;
				GCC_DYNAMIC_NO_PIC = NO;
				GCC_NO_COMMON_BLOCKS = YES;
				GCC_OPTIMIZATION_LEVEL = 0;
				GCC_PREPROCESSOR_DEFINITIONS = (
					"DEBUG=1",
					"$(inherited)",
				);
				GCC_WARN_64_TO_32_BIT_CONVERSION = YES;
				GCC_WARN_ABOUT_RETURN_TYPE = YES_ERROR;
				GCC_WARN_UNDECLARED_SELECTOR = YES;
				GCC_WARN_UNINITIALIZED_AUTOS = YES_AGGRESSIVE;
				GCC_WARN_UNUSED_FUNCTION = YES;
				GCC_WARN_UNUSED_VARIABLE = YES;
				IPHONEOS_DEPLOYMENT_TARGET = 12.2;
				MTL_ENABLE_DEBUG_INFO = INCLUDE_SOURCE;
				MTL_FAST_MATH = YES;
				ONLY_ACTIVE_ARCH = YES;
				SDKROOT = iphoneos;
				SWIFT_ACTIVE_COMPILATION_CONDITIONS = DEBUG;
				SWIFT_OPTIMIZATION_LEVEL = "-Onone";
			};
			name = Debug;
		};
		FEDDCE5322D0EA4900807847 /* Release */ = {
			isa = XCBuildConfiguration;
			buildSettings = {
				ALWAYS_SEARCH_USER_PATHS = NO;
				CLANG_ANALYZER_NONNULL = YES;
				CLANG_ANALYZER_NUMBER_OBJECT_CONVERSION = YES_AGGRESSIVE;
				CLANG_CXX_LANGUAGE_STANDARD = "gnu++14";
				CLANG_CXX_LIBRARY = "libc++";
				CLANG_ENABLE_MODULES = YES;
				CLANG_ENABLE_OBJC_ARC = YES;
				CLANG_ENABLE_OBJC_WEAK = YES;
				CLANG_WARN_BLOCK_CAPTURE_AUTORELEASING = YES;
				CLANG_WARN_BOOL_CONVERSION = YES;
				CLANG_WARN_COMMA = YES;
				CLANG_WARN_CONSTANT_CONVERSION = YES;
				CLANG_WARN_DEPRECATED_OBJC_IMPLEMENTATIONS = YES;
				CLANG_WARN_DIRECT_OBJC_ISA_USAGE = YES_ERROR;
				CLANG_WARN_DOCUMENTATION_COMMENTS = YES;
				CLANG_WARN_EMPTY_BODY = YES;
				CLANG_WARN_ENUM_CONVERSION = YES;
				CLANG_WARN_INFINITE_RECURSION = YES;
				CLANG_WARN_INT_CONVERSION = YES;
				CLANG_WARN_NON_LITERAL_NULL_CONVERSION = YES;
				CLANG_WARN_OBJC_IMPLICIT_RETAIN_SELF = YES;
				CLANG_WARN_OBJC_LITERAL_CONVERSION = YES;
				CLANG_WARN_OBJC_ROOT_CLASS = YES_ERROR;
				CLANG_WARN_RANGE_LOOP_ANALYSIS = YES;
				CLANG_WARN_STRICT_PROTOTYPES = YES;
				CLANG_WARN_SUSPICIOUS_MOVE = YES;
				CLANG_WARN_UNGUARDED_AVAILABILITY = YES_AGGRESSIVE;
				CLANG_WARN_UNREACHABLE_CODE = YES;
				CLANG_WARN__DUPLICATE_METHOD_MATCH = YES;
				CODE_SIGN_IDENTITY = "iPhone Developer";
				COPY_PHASE_STRIP = NO;
				DEBUG_INFORMATION_FORMAT = "dwarf-with-dsym";
				ENABLE_NS_ASSERTIONS = NO;
				ENABLE_STRICT_OBJC_MSGSEND = YES;
				GCC_C_LANGUAGE_STANDARD = gnu11;
				GCC_NO_COMMON_BLOCKS = YES;
				GCC_WARN_64_TO_32_BIT_CONVERSION = YES;
				GCC_WARN_ABOUT_RETURN_TYPE = YES_ERROR;
				GCC_WARN_UNDECLARED_SELECTOR = YES;
				GCC_WARN_UNINITIALIZED_AUTOS = YES_AGGRESSIVE;
				GCC_WARN_UNUSED_FUNCTION = YES;
				GCC_WARN_UNUSED_VARIABLE = YES;
				IPHONEOS_DEPLOYMENT_TARGET = 12.2;
				MTL_ENABLE_DEBUG_INFO = NO;
				MTL_FAST_MATH = YES;
				SDKROOT = iphoneos;
				SWIFT_COMPILATION_MODE = wholemodule;
				SWIFT_OPTIMIZATION_LEVEL = "-O";
				VALIDATE_PRODUCT = YES;
			};
			name = Release;
		};
		FEDDCE5522D0EA4900807847 /* Debug */ = {
			isa = XCBuildConfiguration;
			baseConfigurationReference = 25087B6B9628AF804EDBCFF2 /* Pods-ExchangeCurrency.debug.xcconfig */;
			buildSettings = {
				ASSETCATALOG_COMPILER_APPICON_NAME = AppIcon;
				CODE_SIGN_STYLE = Automatic;
				DEVELOPMENT_TEAM = 3B622FRG45;
				INFOPLIST_FILE = ExchangeCurrency/Info.plist;
				IPHONEOS_DEPLOYMENT_TARGET = 11.3;
				LD_RUNPATH_SEARCH_PATHS = (
					"$(inherited)",
					"@executable_path/Frameworks",
				);
				PRODUCT_BUNDLE_IDENTIFIER = com.mine.ExchangeCurrency;
				PRODUCT_NAME = "$(TARGET_NAME)";
				SWIFT_VERSION = 5.0;
				TARGETED_DEVICE_FAMILY = "1,2";
			};
			name = Debug;
		};
		FEDDCE5622D0EA4900807847 /* Release */ = {
			isa = XCBuildConfiguration;
			baseConfigurationReference = 52FA8141101A5359903D0454 /* Pods-ExchangeCurrency.release.xcconfig */;
			buildSettings = {
				ASSETCATALOG_COMPILER_APPICON_NAME = AppIcon;
				CODE_SIGN_STYLE = Automatic;
				DEVELOPMENT_TEAM = 3B622FRG45;
				INFOPLIST_FILE = ExchangeCurrency/Info.plist;
				IPHONEOS_DEPLOYMENT_TARGET = 11.3;
				LD_RUNPATH_SEARCH_PATHS = (
					"$(inherited)",
					"@executable_path/Frameworks",
				);
				PRODUCT_BUNDLE_IDENTIFIER = com.mine.ExchangeCurrency;
				PRODUCT_NAME = "$(TARGET_NAME)";
				SWIFT_VERSION = 5.0;
				TARGETED_DEVICE_FAMILY = "1,2";
			};
			name = Release;
		};
		FEDDCE5822D0EA4900807847 /* Debug */ = {
			isa = XCBuildConfiguration;
			baseConfigurationReference = D919585D5C780D4B501B9DA5 /* Pods-ExchangeCurrencyTests.debug.xcconfig */;
			buildSettings = {
				ALWAYS_EMBED_SWIFT_STANDARD_LIBRARIES = YES;
				BUNDLE_LOADER = "$(TEST_HOST)";
				CODE_SIGN_STYLE = Automatic;
				DEVELOPMENT_TEAM = PV8996N9P3;
				INFOPLIST_FILE = ExchangeCurrencyTests/Info.plist;
				LD_RUNPATH_SEARCH_PATHS = (
					"$(inherited)",
					"@executable_path/Frameworks",
					"@loader_path/Frameworks",
				);
				PRODUCT_BUNDLE_IDENTIFIER = mine.ExchangeCurrencyTests;
				PRODUCT_NAME = "$(TARGET_NAME)";
				SWIFT_VERSION = 5.0;
				TARGETED_DEVICE_FAMILY = "1,2";
				TEST_HOST = "$(BUILT_PRODUCTS_DIR)/ExchangeCurrency.app/ExchangeCurrency";
			};
			name = Debug;
		};
		FEDDCE5922D0EA4900807847 /* Release */ = {
			isa = XCBuildConfiguration;
			baseConfigurationReference = 31F3557AE1D80D5F445C08B3 /* Pods-ExchangeCurrencyTests.release.xcconfig */;
			buildSettings = {
				ALWAYS_EMBED_SWIFT_STANDARD_LIBRARIES = YES;
				BUNDLE_LOADER = "$(TEST_HOST)";
				CODE_SIGN_STYLE = Automatic;
				DEVELOPMENT_TEAM = PV8996N9P3;
				INFOPLIST_FILE = ExchangeCurrencyTests/Info.plist;
				LD_RUNPATH_SEARCH_PATHS = (
					"$(inherited)",
					"@executable_path/Frameworks",
					"@loader_path/Frameworks",
				);
				PRODUCT_BUNDLE_IDENTIFIER = mine.ExchangeCurrencyTests;
				PRODUCT_NAME = "$(TARGET_NAME)";
				SWIFT_VERSION = 5.0;
				TARGETED_DEVICE_FAMILY = "1,2";
				TEST_HOST = "$(BUILT_PRODUCTS_DIR)/ExchangeCurrency.app/ExchangeCurrency";
			};
			name = Release;
		};
		FEDDCE5B22D0EA4900807847 /* Debug */ = {
			isa = XCBuildConfiguration;
			baseConfigurationReference = 79609C20813D324EFCF2B6DE /* Pods-ExchangeCurrencyUITests.debug.xcconfig */;
			buildSettings = {
				ALWAYS_EMBED_SWIFT_STANDARD_LIBRARIES = YES;
				CODE_SIGN_STYLE = Automatic;
				DEVELOPMENT_TEAM = PV8996N9P3;
				INFOPLIST_FILE = ExchangeCurrencyUITests/Info.plist;
				LD_RUNPATH_SEARCH_PATHS = (
					"$(inherited)",
					"@executable_path/Frameworks",
					"@loader_path/Frameworks",
				);
				PRODUCT_BUNDLE_IDENTIFIER = mine.ExchangeCurrencyUITests;
				PRODUCT_NAME = "$(TARGET_NAME)";
				SWIFT_VERSION = 5.0;
				TARGETED_DEVICE_FAMILY = "1,2";
				TEST_TARGET_NAME = ExchangeCurrency;
			};
			name = Debug;
		};
		FEDDCE5C22D0EA4900807847 /* Release */ = {
			isa = XCBuildConfiguration;
			baseConfigurationReference = 71F87E26EB07783DB41E7128 /* Pods-ExchangeCurrencyUITests.release.xcconfig */;
			buildSettings = {
				ALWAYS_EMBED_SWIFT_STANDARD_LIBRARIES = YES;
				CODE_SIGN_STYLE = Automatic;
				DEVELOPMENT_TEAM = PV8996N9P3;
				INFOPLIST_FILE = ExchangeCurrencyUITests/Info.plist;
				LD_RUNPATH_SEARCH_PATHS = (
					"$(inherited)",
					"@executable_path/Frameworks",
					"@loader_path/Frameworks",
				);
				PRODUCT_BUNDLE_IDENTIFIER = mine.ExchangeCurrencyUITests;
				PRODUCT_NAME = "$(TARGET_NAME)";
				SWIFT_VERSION = 5.0;
				TARGETED_DEVICE_FAMILY = "1,2";
				TEST_TARGET_NAME = ExchangeCurrency;
			};
			name = Release;
		};
/* End XCBuildConfiguration section */

/* Begin XCConfigurationList section */
		FEDDCE2722D0EA4800807847 /* Build configuration list for PBXProject "ExchangeCurrency" */ = {
			isa = XCConfigurationList;
			buildConfigurations = (
				FEDDCE5222D0EA4900807847 /* Debug */,
				FEDDCE5322D0EA4900807847 /* Release */,
			);
			defaultConfigurationIsVisible = 0;
			defaultConfigurationName = Release;
		};
		FEDDCE5422D0EA4900807847 /* Build configuration list for PBXNativeTarget "ExchangeCurrency" */ = {
			isa = XCConfigurationList;
			buildConfigurations = (
				FEDDCE5522D0EA4900807847 /* Debug */,
				FEDDCE5622D0EA4900807847 /* Release */,
			);
			defaultConfigurationIsVisible = 0;
			defaultConfigurationName = Release;
		};
		FEDDCE5722D0EA4900807847 /* Build configuration list for PBXNativeTarget "ExchangeCurrencyTests" */ = {
			isa = XCConfigurationList;
			buildConfigurations = (
				FEDDCE5822D0EA4900807847 /* Debug */,
				FEDDCE5922D0EA4900807847 /* Release */,
			);
			defaultConfigurationIsVisible = 0;
			defaultConfigurationName = Release;
		};
		FEDDCE5A22D0EA4900807847 /* Build configuration list for PBXNativeTarget "ExchangeCurrencyUITests" */ = {
			isa = XCConfigurationList;
			buildConfigurations = (
				FEDDCE5B22D0EA4900807847 /* Debug */,
				FEDDCE5C22D0EA4900807847 /* Release */,
			);
			defaultConfigurationIsVisible = 0;
			defaultConfigurationName = Release;
		};
/* End XCConfigurationList section */
	};
	rootObject = FEDDCE2422D0EA4800807847 /* Project object */;
}
